
Microsoft Visual Studio Solution File, Format Version 12.00
# Visual Studio Version 16
VisualStudioVersion = 16.0.30611.23
MinimumVisualStudioVersion = 10.0.40219.1
Project("{FAE04EC0-301F-11D3-BF4B-00C04F79EFBC}") = "CSharp", "CSharp\CSharp.csproj", "{2BB88F67-42B1-4565-A2F0-E45C1F169BA4}"
EndProject
Global
	GlobalSection(SolutionConfigurationPlatforms) = preSolution
		Debug|Any CPU = Debug|Any CPU
		Release|Any CPU = Release|Any CPU
	EndGlobalSection
	GlobalSection(ProjectConfigurationPlatforms) = postSolution
		{2BB88F67-42B1-4565-A2F0-E45C1F169BA4}.Debug|Any CPU.ActiveCfg = Debug|Any CPU
		{2BB88F67-42B1-4565-A2F0-E45C1F169BA4}.Debug|Any CPU.Build.0 = Debug|Any CPU
		{2BB88F67-42B1-4565-A2F0-E45C1F169BA4}.Release|Any CPU.ActiveCfg = Release|Any CPU
		{2BB88F67-42B1-4565-A2F0-E45C1F169BA4}.Release|Any CPU.Build.0 = Release|Any CPU
	EndGlobalSection
	GlobalSection(SolutionProperties) = preSolution
		HideSolutionNode = FALSE
	EndGlobalSection
	GlobalSection(ExtensibilityGlobals) = postSolution
		SolutionGuid = {DCCF2823-181F-4E28-B72B-04517AD0BCE1}
	EndGlobalSection
EndGlobal
